PODS:
  - Flutter (1.0.0)
  - OICommons (1.1.1)
  - OIComponents (1.2.1):
    - OICommons (~> 1.1.0)
  - OILiveness2D (1.1.0):
    - OICommons (~> 1.1.1)
    - OIComponents (~> 1.2.1)
    - OINetwork (~> 1.2.1)
  - OINetwork (1.2.1):
    - OICommons (~> 1.1.0)
  - oiti_liveness2d (0.0.1):
    - Flutter
    - OILiveness2D (= 1.1.0)

DEPENDENCIES:
  - Flutter (from `Flutter`)
  - oiti_liveness2d (from `.symlinks/plugins/oiti_liveness2d/ios`)

SPEC REPOS:
  https://github.com/oititec/ios-artifactory-beta.git:
    - OICommons
    - OIComponents
    - OILiveness2D
    - OINetwork

EXTERNAL SOURCES:
  Flutter:
    :path: Flutter
  oiti_liveness2d:
    :path: ".symlinks/plugins/oiti_liveness2d/ios"

SPEC CHECKSUMS:
  Flutter: f04841e97a9d0b0a8025694d0796dd46242b2854
  OICommons: b92a165581d7c3cadc67433b76261e01813e0abe
  OIComponents: 8cf47c0dc9b3477e8e4d5513c99b0c83283da3ce
  OILiveness2D: 32c9be73af72346e18dc4e29993a58056c6e7cfe
  OINetwork: 8660d3a489ab299db3295c9be287fad51ff32dcb
  oiti_liveness2d: 706598ded0258683cb7759c25eb1fed6470caa26

PODFILE CHECKSUM: e35dfa914ac7b0504e540f03c49df1f1e30ac5a7

COCOAPODS: 1.12.0
