PODS:
  - FaceCaptcha (5.0.0):
    - OILiveness3D_FT (= 9.6.33)
  - Flutter (1.0.0)
  - OILiveness3D_FT (9.6.33)
  - oiti_liveness2d (1.0.0):
    - FaceCaptcha (~> 5.0.0)
    - Flutter

DEPENDENCIES:
  - Flutter (from `Flutter`)
  - oiti_liveness2d (from `.symlinks/plugins/oiti_liveness2d/ios`)

SPEC REPOS:
  https://github.com/oititec/liveness-ios-specs.git:
    - FaceCaptcha
    - OILiveness3D_FT

EXTERNAL SOURCES:
  Flutter:
    :path: Flutter
  oiti_liveness2d:
    :path: ".symlinks/plugins/oiti_liveness2d/ios"

SPEC CHECKSUMS:
  FaceCaptcha: b48e229dfd6592616f2ead31a9c9100ac4210a0e
  Flutter: f04841e97a9d0b0a8025694d0796dd46242b2854
  OILiveness3D_FT: fc78e3f4549179b74dd8c3adbdadbb237ceb3357
  oiti_liveness2d: a093aa3d5953355a1232e763f40cf41ffdf9c7ff

PODFILE CHECKSUM: 8cb2a85f91eababdcc0c2927b7e4073759bfa938

COCOAPODS: 1.12.0
